
Microsoft Visual Studio Solution File, Format Version 12.00
# Visual Studio Version 17
VisualStudioVersion = 17.6.33829.357
MinimumVisualStudioVersion = 10.0.40219.1
Project("{FAE04EC0-301F-11D3-BF4B-00C04F79EFBC}") = "Prime_Numbers", "Prime_Numbers\Prime_Numbers.csproj", "{F4EBF507-EA41-403F-BDE6-E7E46691FC0B}"
EndProject
Global
	GlobalSection(SolutionConfigurationPlatforms) = preSolution
		Debug|Any CPU = Debug|Any CPU
		Release|Any CPU = Release|Any CPU
	EndGlobalSection
	GlobalSection(ProjectConfigurationPlatforms) = postSolution
		{F4EBF507-EA41-403F-BDE6-E7E46691FC0B}.Debug|Any CPU.ActiveCfg = Debug|Any CPU
		{F4EBF507-EA41-403F-BDE6-E7E46691FC0B}.Debug|Any CPU.Build.0 = Debug|Any CPU
		{F4EBF507-EA41-403F-BDE6-E7E46691FC0B}.Release|Any CPU.ActiveCfg = Release|Any CPU
		{F4EBF507-EA41-403F-BDE6-E7E46691FC0B}.Release|Any CPU.Build.0 = Release|Any CPU
	EndGlobalSection
	GlobalSection(SolutionProperties) = preSolution
		HideSolutionNode = FALSE
	EndGlobalSection
	GlobalSection(ExtensibilityGlobals) = postSolution
		SolutionGuid = {52A11266-FD9F-4C6F-A91F-2A168180EBBE}
	EndGlobalSection
EndGlobal
